
Microsoft Visual Studio Solution File, Format Version 12.00
# Visual Studio Version 16
VisualStudioVersion = 16.0.30002.166
MinimumVisualStudioVersion = 10.0.40219.1
Project("{8BC9CEB8-8B4A-11D0-8D11-00A0C91BC942}") = "RSA", "RSA\RSA.vcxproj", "{2E6CCC66-0197-469B-8163-9E4B74274C2F}"
EndProject
Global
	GlobalSection(SolutionConfigurationPlatforms) = preSolution
		Debug|x64 = Debug|x64
		Debug|x86 = Debug|x86
		Release|x64 = Release|x64
		Release|x86 = Release|x86
	EndGlobalSection
	GlobalSection(ProjectConfigurationPlatforms) = postSolution
		{2E6CCC66-0197-469B-8163-9E4B74274C2F}.Debug|x64.ActiveCfg = Debug|x64
		{2E6CCC66-0197-469B-8163-9E4B74274C2F}.Debug|x64.Build.0 = Debug|x64
		{2E6CCC66-0197-469B-8163-9E4B74274C2F}.Debug|x86.ActiveCfg = Debug|Win32
		{2E6CCC66-0197-469B-8163-9E4B74274C2F}.Debug|x86.Build.0 = Debug|Win32
		{2E6CCC66-0197-469B-8163-9E4B74274C2F}.Release|x64.ActiveCfg = Release|x64
		{2E6CCC66-0197-469B-8163-9E4B74274C2F}.Release|x64.Build.0 = Release|x64
		{2E6CCC66-0197-469B-8163-9E4B74274C2F}.Release|x86.ActiveCfg = Release|Win32
		{2E6CCC66-0197-469B-8163-9E4B74274C2F}.Release|x86.Build.0 = Release|Win32
	EndGlobalSection
	GlobalSection(SolutionProperties) = preSolution
		HideSolutionNode = FALSE
	EndGlobalSection
	GlobalSection(ExtensibilityGlobals) = postSolution
		SolutionGuid = {677512A0-9E8C-48B8-A59B-119FD2C22942}
	EndGlobalSection
EndGlobal
